<?xml version="1.0" encoding="utf-8"?>
<Project ToolsVersion="4.0" xmlns="http://schemas.microsoft.com/developer/msbuild/2003">
  <ItemGroup>
    <Filter Include="fuzz">
      <UniqueIdentifier>{d5f4bebb-9a17-4182-b5e1-7f146d6bf864}</UniqueIdentifier>
    </Filter>
    <Filter Include="src">
      <UniqueIdentifier>{e89c83d8-356f-44bf-ac27-f34aa18d8234}</UniqueIdentifier>
    </Filter>
    <Filter Include="utils">
      <UniqueIdentifier>{cf7cd392-efe8-48a9-a621-597f82a8793f}</UniqueIdentifier>
    </Filter>
    <Filter Include="libs">
      <UniqueIdentifier>{e74c4801-88bf-4a25-9b89-95b89f2ae4db}</UniqueIdentifier>
    </Filter>
  </ItemGroup>
  <ItemGroup>
    <ClCompile Include="..\..\..\src\mk_md2.c">
      <Filter>src</Filter>
    </ClCompile>
    <ClCompile Include="..\..\..\src\mk_md4.c">
      <Filter>src</Filter>
    </ClCompile>
    <ClCompile Include="..\..\..\src\mk_md5.c">
      <Filter>src</Filter>
    </ClCompile>
    <ClCompile Include="..\..\..\src\mk_sha1.c">
      <Filter>src</Filter>
    </ClCompile>
    <ClCompile Include="..\..\..\src\mk_win_md2.c">
      <Filter>src</Filter>
    </ClCompile>
    <ClCompile Include="..\..\..\src\mk_win_md4.c">
      <Filter>src</Filter>
    </ClCompile>
    <ClCompile Include="..\..\..\src\mk_win_md5.c">
      <Filter>src</Filter>
    </ClCompile>
    <ClCompile Include="..\..\..\src\mk_win_sha1.c">
      <Filter>src</Filter>
    </ClCompile>
    <ClCompile Include="..\..\..\fuzz\mk_crypto_fuzz.c">
      <Filter>fuzz</Filter>
    </ClCompile>
    <ClCompile Include="..\..\..\fuzz\mk_md2_fuzz.c">
      <Filter>fuzz</Filter>
    </ClCompile>
    <ClCompile Include="..\..\..\fuzz\mk_md4_fuzz.c">
      <Filter>fuzz</Filter>
    </ClCompile>
    <ClCompile Include="..\..\..\fuzz\mk_md5_fuzz.c">
      <Filter>fuzz</Filter>
    </ClCompile>
    <ClCompile Include="..\..\..\fuzz\mk_sha1_fuzz.c">
      <Filter>fuzz</Filter>
    </ClCompile>
    <ClCompile Include="..\..\..\libs\mk_int.c">
      <Filter>libs</Filter>
    </ClCompile>
    <ClCompile Include="..\..\..\src\mk_win_sha2_256.c">
      <Filter>src</Filter>
    </ClCompile>
    <ClCompile Include="..\..\..\src\mk_win_sha2_384.c">
      <Filter>src</Filter>
    </ClCompile>
    <ClCompile Include="..\..\..\src\mk_win_sha2_512.c">
      <Filter>src</Filter>
    </ClCompile>
    <ClCompile Include="..\..\..\src\mk_sha2_detail_256.c">
      <Filter>src</Filter>
    </ClCompile>
    <ClCompile Include="..\..\..\src\mk_sha2_224.c">
      <Filter>src</Filter>
    </ClCompile>
    <ClCompile Include="..\..\..\src\mk_sha2_256.c">
      <Filter>src</Filter>
    </ClCompile>
    <ClCompile Include="..\..\..\src\mk_sha2_384.c">
      <Filter>src</Filter>
    </ClCompile>
    <ClCompile Include="..\..\..\src\mk_sha2_detail_512.c">
      <Filter>src</Filter>
    </ClCompile>
    <ClCompile Include="..\..\..\src\mk_sha2_512.c">
      <Filter>src</Filter>
    </ClCompile>
    <ClCompile Include="..\..\..\src\mk_sha2_512224.c">
      <Filter>src</Filter>
    </ClCompile>
    <ClCompile Include="..\..\..\src\mk_sha2_512256.c">
      <Filter>src</Filter>
    </ClCompile>
    <ClCompile Include="..\..\..\fuzz\mk_sha2_224_fuzz.c">
      <Filter>fuzz</Filter>
    </ClCompile>
    <ClCompile Include="..\..\..\fuzz\mk_sha2_256_fuzz.c">
      <Filter>fuzz</Filter>
    </ClCompile>
    <ClCompile Include="..\..\..\fuzz\mk_sha2_384_fuzz.c">
      <Filter>fuzz</Filter>
    </ClCompile>
    <ClCompile Include="..\..\..\fuzz\mk_sha2_512_fuzz.c">
      <Filter>fuzz</Filter>
    </ClCompile>
    <ClCompile Include="..\..\..\fuzz\mk_sha2_512224_fuzz.c">
      <Filter>fuzz</Filter>
    </ClCompile>
    <ClCompile Include="..\..\..\fuzz\mk_sha2_512256_fuzz.c">
      <Filter>fuzz</Filter>
    </ClCompile>
    <ClCompile Include="..\..\..\src\mk_sha3_224.c">
      <Filter>src</Filter>
    </ClCompile>
    <ClCompile Include="..\..\..\src\mk_sha3_256.c">
      <Filter>src</Filter>
    </ClCompile>
    <ClCompile Include="..\..\..\src\mk_sha3_384.c">
      <Filter>src</Filter>
    </ClCompile>
    <ClCompile Include="..\..\..\src\mk_sha3_512.c">
      <Filter>src</Filter>
    </ClCompile>
    <ClCompile Include="..\..\..\src\mk_sha3_detail.c">
      <Filter>src</Filter>
    </ClCompile>
    <ClCompile Include="..\..\..\src\mk_sha3_shake128.c">
      <Filter>src</Filter>
    </ClCompile>
    <ClCompile Include="..\..\..\src\mk_sha3_shake256.c">
      <Filter>src</Filter>
    </ClCompile>
    <ClCompile Include="..\..\..\src\mk_aes.c">
      <Filter>src</Filter>
    </ClCompile>
    <ClCompile Include="..\..\..\src\mk_win_aes.c">
      <Filter>src</Filter>
    </ClCompile>
    <ClCompile Include="..\..\..\fuzz\mk_aes_fuzz.c">
      <Filter>fuzz</Filter>
    </ClCompile>
  </ItemGroup>
  <ItemGroup>
    <ClInclude Include="..\..\..\src\mk_md2.h">
      <Filter>src</Filter>
    </ClInclude>
    <ClInclude Include="..\..\..\src\mk_md4.h">
      <Filter>src</Filter>
    </ClInclude>
    <ClInclude Include="..\..\..\src\mk_md5.h">
      <Filter>src</Filter>
    </ClInclude>
    <ClInclude Include="..\..\..\src\mk_sha1.h">
      <Filter>src</Filter>
    </ClInclude>
    <ClInclude Include="..\..\..\src\mk_win_md2.h">
      <Filter>src</Filter>
    </ClInclude>
    <ClInclude Include="..\..\..\src\mk_win_md4.h">
      <Filter>src</Filter>
    </ClInclude>
    <ClInclude Include="..\..\..\src\mk_win_md5.h">
      <Filter>src</Filter>
    </ClInclude>
    <ClInclude Include="..\..\..\src\mk_win_sha1.h">
      <Filter>src</Filter>
    </ClInclude>
    <ClInclude Include="..\..\..\fuzz\mk_md2_fuzz.h">
      <Filter>fuzz</Filter>
    </ClInclude>
    <ClInclude Include="..\..\..\fuzz\mk_md4_fuzz.h">
      <Filter>fuzz</Filter>
    </ClInclude>
    <ClInclude Include="..\..\..\fuzz\mk_md5_fuzz.h">
      <Filter>fuzz</Filter>
    </ClInclude>
    <ClInclude Include="..\..\..\fuzz\mk_sha1_fuzz.h">
      <Filter>fuzz</Filter>
    </ClInclude>
    <ClInclude Include="..\..\..\utils\mk_assert.h">
      <Filter>utils</Filter>
    </ClInclude>
    <ClInclude Include="..\..\..\utils\mk_inline.h">
      <Filter>utils</Filter>
    </ClInclude>
    <ClInclude Include="..\..\..\src\mk_win_sha2_256.h">
      <Filter>src</Filter>
    </ClInclude>
    <ClInclude Include="..\..\..\src\mk_win_sha2_384.h">
      <Filter>src</Filter>
    </ClInclude>
    <ClInclude Include="..\..\..\src\mk_win_sha2_512.h">
      <Filter>src</Filter>
    </ClInclude>
    <ClInclude Include="..\..\..\src\mk_sha2_detail_256.h">
      <Filter>src</Filter>
    </ClInclude>
    <ClInclude Include="..\..\..\src\mk_sha2_224.h">
      <Filter>src</Filter>
    </ClInclude>
    <ClInclude Include="..\..\..\src\mk_sha2_256.h">
      <Filter>src</Filter>
    </ClInclude>
    <ClInclude Include="..\..\..\src\mk_sha2_384.h">
      <Filter>src</Filter>
    </ClInclude>
    <ClInclude Include="..\..\..\src\mk_sha2_detail_512.h">
      <Filter>src</Filter>
    </ClInclude>
    <ClInclude Include="..\..\..\src\mk_sha2_512.h">
      <Filter>src</Filter>
    </ClInclude>
    <ClInclude Include="..\..\..\src\mk_sha2_512224.h">
      <Filter>src</Filter>
    </ClInclude>
    <ClInclude Include="..\..\..\src\mk_sha2_512256.h">
      <Filter>src</Filter>
    </ClInclude>
    <ClInclude Include="..\..\..\fuzz\mk_sha2_224_fuzz.h">
      <Filter>fuzz</Filter>
    </ClInclude>
    <ClInclude Include="..\..\..\fuzz\mk_sha2_256_fuzz.h">
      <Filter>fuzz</Filter>
    </ClInclude>
    <ClInclude Include="..\..\..\fuzz\mk_sha2_384_fuzz.h">
      <Filter>fuzz</Filter>
    </ClInclude>
    <ClInclude Include="..\..\..\fuzz\mk_sha2_512_fuzz.h">
      <Filter>fuzz</Filter>
    </ClInclude>
    <ClInclude Include="..\..\..\fuzz\mk_sha2_512224_fuzz.h">
      <Filter>fuzz</Filter>
    </ClInclude>
    <ClInclude Include="..\..\..\fuzz\mk_sha2_512256_fuzz.h">
      <Filter>fuzz</Filter>
    </ClInclude>
    <ClInclude Include="..\..\..\src\mk_sha3_224.h">
      <Filter>src</Filter>
    </ClInclude>
    <ClInclude Include="..\..\..\src\mk_sha3_256.h">
      <Filter>src</Filter>
    </ClInclude>
    <ClInclude Include="..\..\..\src\mk_sha3_384.h">
      <Filter>src</Filter>
    </ClInclude>
    <ClInclude Include="..\..\..\src\mk_sha3_512.h">
      <Filter>src</Filter>
    </ClInclude>
    <ClInclude Include="..\..\..\src\mk_sha3_detail.h">
      <Filter>src</Filter>
    </ClInclude>
    <ClInclude Include="..\..\..\src\mk_sha3_shake128.h">
      <Filter>src</Filter>
    </ClInclude>
    <ClInclude Include="..\..\..\src\mk_sha3_shake256.h">
      <Filter>src</Filter>
    </ClInclude>
    <ClInclude Include="..\..\..\utils\mk_setup.h">
      <Filter>utils</Filter>
    </ClInclude>
    <ClInclude Include="..\..\..\src\mk_aes.h">
      <Filter>src</Filter>
    </ClInclude>
    <ClInclude Include="..\..\..\src\mk_win_aes.h">
      <Filter>src</Filter>
    </ClInclude>
    <ClInclude Include="..\..\..\fuzz\mk_aes_fuzz.h">
      <Filter>fuzz</Filter>
    </ClInclude>
  </ItemGroup>
</Project>