<?xml version="1.0" encoding="utf-8"?>
<Project ToolsVersion="4.0" xmlns="http://schemas.microsoft.com/developer/msbuild/2003">
  <ItemGroup>
    <Filter Include="fuzz">
      <UniqueIdentifier>{d5f4bebb-9a17-4182-b5e1-7f146d6bf864}</UniqueIdentifier>
    </Filter>
    <Filter Include="libs">
      <UniqueIdentifier>{e74c4801-88bf-4a25-9b89-95b89f2ae4db}</UniqueIdentifier>
    </Filter>
    <Filter Include="src">
      <UniqueIdentifier>{4655af39-76df-4c46-99a4-39c2a9fa7000}</UniqueIdentifier>
    </Filter>
    <Filter Include="src\hash">
      <UniqueIdentifier>{d8f6397c-771f-4215-aa69-5e72ea45ee4f}</UniqueIdentifier>
    </Filter>
    <Filter Include="src\utils">
      <UniqueIdentifier>{3dd7db1c-80a2-40dc-aa18-a9abde338ab3}</UniqueIdentifier>
    </Filter>
    <Filter Include="src\hash\base">
      <UniqueIdentifier>{15b27e9c-2b4a-4365-9b6b-141c1c187a35}</UniqueIdentifier>
    </Filter>
    <Filter Include="src\hash\block">
      <UniqueIdentifier>{49068ef4-475e-4c97-97c4-5e3d8ac347ac}</UniqueIdentifier>
    </Filter>
  </ItemGroup>
  <ItemGroup>
    <ClCompile Include="..\..\..\fuzz\mk_crypto_fuzz.c">
      <Filter>fuzz</Filter>
    </ClCompile>
    <ClCompile Include="..\..\..\fuzz\mk_md2_fuzz.c">
      <Filter>fuzz</Filter>
    </ClCompile>
    <ClCompile Include="..\..\..\fuzz\mk_md4_fuzz.c">
      <Filter>fuzz</Filter>
    </ClCompile>
    <ClCompile Include="..\..\..\fuzz\mk_md5_fuzz.c">
      <Filter>fuzz</Filter>
    </ClCompile>
    <ClCompile Include="..\..\..\fuzz\mk_sha1_fuzz.c">
      <Filter>fuzz</Filter>
    </ClCompile>
    <ClCompile Include="..\..\..\libs\mk_int.c">
      <Filter>libs</Filter>
    </ClCompile>
    <ClCompile Include="..\..\..\fuzz\mk_sha2_256_fuzz.c">
      <Filter>fuzz</Filter>
    </ClCompile>
    <ClCompile Include="..\..\..\fuzz\mk_sha2_384_fuzz.c">
      <Filter>fuzz</Filter>
    </ClCompile>
    <ClCompile Include="..\..\..\fuzz\mk_sha2_512_fuzz.c">
      <Filter>fuzz</Filter>
    </ClCompile>
    <ClCompile Include="..\..\..\src\hash\base\mk_md2_base.c">
      <Filter>src\hash\base</Filter>
    </ClCompile>
    <ClCompile Include="..\..\..\src\hash\base\mk_md4_base.c">
      <Filter>src\hash\base</Filter>
    </ClCompile>
    <ClCompile Include="..\..\..\src\hash\base\mk_md5_base.c">
      <Filter>src\hash\base</Filter>
    </ClCompile>
    <ClCompile Include="..\..\..\src\hash\base\mk_sha1_base.c">
      <Filter>src\hash\base</Filter>
    </ClCompile>
    <ClCompile Include="..\..\..\src\hash\base\mk_sha2_224_base.c">
      <Filter>src\hash\base</Filter>
    </ClCompile>
    <ClCompile Include="..\..\..\src\hash\base\mk_sha2_256_base.c">
      <Filter>src\hash\base</Filter>
    </ClCompile>
    <ClCompile Include="..\..\..\src\hash\base\mk_sha2_base_detail_256.c">
      <Filter>src\hash\base</Filter>
    </ClCompile>
    <ClCompile Include="..\..\..\src\hash\base\mk_sha2_base_detail_512.c">
      <Filter>src\hash\base</Filter>
    </ClCompile>
    <ClCompile Include="..\..\..\src\hash\base\mk_sha2_512_base.c">
      <Filter>src\hash\base</Filter>
    </ClCompile>
    <ClCompile Include="..\..\..\src\hash\base\mk_sha2_384_base.c">
      <Filter>src\hash\base</Filter>
    </ClCompile>
    <ClCompile Include="..\..\..\src\hash\base\mk_sha2_512224_base.c">
      <Filter>src\hash\base</Filter>
    </ClCompile>
    <ClCompile Include="..\..\..\src\hash\base\mk_sha2_512256_base.c">
      <Filter>src\hash\base</Filter>
    </ClCompile>
    <ClCompile Include="..\..\..\src\hash\base\mk_sha3_224_base.c">
      <Filter>src\hash\base</Filter>
    </ClCompile>
    <ClCompile Include="..\..\..\src\hash\base\mk_sha3_256_base.c">
      <Filter>src\hash\base</Filter>
    </ClCompile>
    <ClCompile Include="..\..\..\src\hash\base\mk_sha3_384_base.c">
      <Filter>src\hash\base</Filter>
    </ClCompile>
    <ClCompile Include="..\..\..\src\hash\base\mk_sha3_512_base.c">
      <Filter>src\hash\base</Filter>
    </ClCompile>
    <ClCompile Include="..\..\..\src\hash\base\mk_sha3_rawshake128_base.c">
      <Filter>src\hash\base</Filter>
    </ClCompile>
    <ClCompile Include="..\..\..\src\hash\base\mk_sha3_rawshake256_base.c">
      <Filter>src\hash\base</Filter>
    </ClCompile>
    <ClCompile Include="..\..\..\src\hash\base\mk_sha3_shake128_base.c">
      <Filter>src\hash\base</Filter>
    </ClCompile>
    <ClCompile Include="..\..\..\src\hash\base\mk_sha3_shake256_base.c">
      <Filter>src\hash\base</Filter>
    </ClCompile>
    <ClCompile Include="..\..\..\src\hash\base\mk_sha3_base_detail.c">
      <Filter>src\hash\base</Filter>
    </ClCompile>
    <ClCompile Include="..\..\..\src\hash\block\mk_md2_block.c">
      <Filter>src\hash\block</Filter>
    </ClCompile>
    <ClCompile Include="..\..\..\src\hash\block\mk_md4_block.c">
      <Filter>src\hash\block</Filter>
    </ClCompile>
    <ClCompile Include="..\..\..\src\hash\block\mk_md5_block.c">
      <Filter>src\hash\block</Filter>
    </ClCompile>
    <ClCompile Include="..\..\..\src\hash\block\mk_sha1_block.c">
      <Filter>src\hash\block</Filter>
    </ClCompile>
    <ClCompile Include="..\..\..\src\hash\block\mk_sha2_224_block.c">
      <Filter>src\hash\block</Filter>
    </ClCompile>
    <ClCompile Include="..\..\..\src\hash\block\mk_sha2_256_block.c">
      <Filter>src\hash\block</Filter>
    </ClCompile>
    <ClCompile Include="..\..\..\src\hash\block\mk_sha2_384_block.c">
      <Filter>src\hash\block</Filter>
    </ClCompile>
    <ClCompile Include="..\..\..\src\hash\block\mk_sha2_512_block.c">
      <Filter>src\hash\block</Filter>
    </ClCompile>
    <ClCompile Include="..\..\..\src\hash\block\mk_sha2_512224_block.c">
      <Filter>src\hash\block</Filter>
    </ClCompile>
    <ClCompile Include="..\..\..\src\hash\block\mk_sha2_512256_block.c">
      <Filter>src\hash\block</Filter>
    </ClCompile>
    <ClCompile Include="..\..\..\src\hash\block\mk_sha3_224_block.c">
      <Filter>src\hash\block</Filter>
    </ClCompile>
    <ClCompile Include="..\..\..\src\hash\block\mk_sha3_256_block.c">
      <Filter>src\hash\block</Filter>
    </ClCompile>
    <ClCompile Include="..\..\..\src\hash\block\mk_sha3_384_block.c">
      <Filter>src\hash\block</Filter>
    </ClCompile>
    <ClCompile Include="..\..\..\src\hash\block\mk_sha3_512_block.c">
      <Filter>src\hash\block</Filter>
    </ClCompile>
    <ClCompile Include="..\..\..\src\hash\block\mk_sha3_rawshake128_block.c">
      <Filter>src\hash\block</Filter>
    </ClCompile>
    <ClCompile Include="..\..\..\src\hash\block\mk_sha3_rawshake256_block.c">
      <Filter>src\hash\block</Filter>
    </ClCompile>
    <ClCompile Include="..\..\..\src\hash\block\mk_sha3_shake128_block.c">
      <Filter>src\hash\block</Filter>
    </ClCompile>
    <ClCompile Include="..\..\..\src\hash\block\mk_sha3_shake256_block.c">
      <Filter>src\hash\block</Filter>
    </ClCompile>
    <ClCompile Include="..\..\..\src\mk_hash.c">
      <Filter>src</Filter>
    </ClCompile>
    <ClCompile Include="..\..\..\src\mk_hash_fn.c">
      <Filter>src</Filter>
    </ClCompile>
    <ClCompile Include="..\..\..\src\mk_hash_function.c">
      <Filter>src</Filter>
    </ClCompile>
    <ClCompile Include="..\..\..\src\hash\mk_hash_md2.c">
      <Filter>src\hash</Filter>
    </ClCompile>
    <ClCompile Include="..\..\..\src\hash\mk_hash_md4.c">
      <Filter>src\hash</Filter>
    </ClCompile>
    <ClCompile Include="..\..\..\src\hash\mk_hash_md5.c">
      <Filter>src\hash</Filter>
    </ClCompile>
    <ClCompile Include="..\..\..\src\hash\mk_hash_sha1.c">
      <Filter>src\hash</Filter>
    </ClCompile>
    <ClCompile Include="..\..\..\src\hash\mk_hash_sha2_224.c">
      <Filter>src\hash</Filter>
    </ClCompile>
    <ClCompile Include="..\..\..\src\hash\mk_hash_sha2_256.c">
      <Filter>src\hash</Filter>
    </ClCompile>
    <ClCompile Include="..\..\..\src\hash\mk_hash_sha2_384.c">
      <Filter>src\hash</Filter>
    </ClCompile>
    <ClCompile Include="..\..\..\src\hash\mk_hash_sha2_512.c">
      <Filter>src\hash</Filter>
    </ClCompile>
    <ClCompile Include="..\..\..\src\hash\mk_hash_sha2_512224.c">
      <Filter>src\hash</Filter>
    </ClCompile>
    <ClCompile Include="..\..\..\src\hash\mk_hash_sha2_512256.c">
      <Filter>src\hash</Filter>
    </ClCompile>
    <ClCompile Include="..\..\..\src\hash\mk_hash_sha3_224.c">
      <Filter>src\hash</Filter>
    </ClCompile>
    <ClCompile Include="..\..\..\src\hash\mk_hash_sha3_256.c">
      <Filter>src\hash</Filter>
    </ClCompile>
    <ClCompile Include="..\..\..\src\hash\mk_hash_sha3_384.c">
      <Filter>src\hash</Filter>
    </ClCompile>
    <ClCompile Include="..\..\..\src\hash\mk_hash_sha3_512.c">
      <Filter>src\hash</Filter>
    </ClCompile>
    <ClCompile Include="..\..\..\src\hash\mk_hash_sha3_rawshake128.c">
      <Filter>src\hash</Filter>
    </ClCompile>
    <ClCompile Include="..\..\..\src\hash\mk_hash_sha3_rawshake256.c">
      <Filter>src\hash</Filter>
    </ClCompile>
    <ClCompile Include="..\..\..\src\hash\mk_hash_sha3_shake128.c">
      <Filter>src\hash</Filter>
    </ClCompile>
    <ClCompile Include="..\..\..\src\hash\mk_hash_sha3_shake256.c">
      <Filter>src\hash</Filter>
    </ClCompile>
    <ClCompile Include="..\..\..\src\hash\mk_hash_win_md2.c">
      <Filter>src\hash</Filter>
    </ClCompile>
    <ClCompile Include="..\..\..\src\hash\mk_hash_win_md4.c">
      <Filter>src\hash</Filter>
    </ClCompile>
    <ClCompile Include="..\..\..\src\hash\mk_hash_win_md5.c">
      <Filter>src\hash</Filter>
    </ClCompile>
    <ClCompile Include="..\..\..\src\hash\mk_hash_win_sha1.c">
      <Filter>src\hash</Filter>
    </ClCompile>
    <ClCompile Include="..\..\..\src\hash\mk_hash_win_sha2_256.c">
      <Filter>src\hash</Filter>
    </ClCompile>
    <ClCompile Include="..\..\..\src\hash\mk_hash_win_sha2_384.c">
      <Filter>src\hash</Filter>
    </ClCompile>
    <ClCompile Include="..\..\..\src\hash\mk_hash_win_sha2_512.c">
      <Filter>src\hash</Filter>
    </ClCompile>
  </ItemGroup>
  <ItemGroup>
    <ClInclude Include="..\..\..\fuzz\mk_md2_fuzz.h">
      <Filter>fuzz</Filter>
    </ClInclude>
    <ClInclude Include="..\..\..\fuzz\mk_md4_fuzz.h">
      <Filter>fuzz</Filter>
    </ClInclude>
    <ClInclude Include="..\..\..\fuzz\mk_md5_fuzz.h">
      <Filter>fuzz</Filter>
    </ClInclude>
    <ClInclude Include="..\..\..\fuzz\mk_sha1_fuzz.h">
      <Filter>fuzz</Filter>
    </ClInclude>
    <ClInclude Include="..\..\..\fuzz\mk_sha2_256_fuzz.h">
      <Filter>fuzz</Filter>
    </ClInclude>
    <ClInclude Include="..\..\..\fuzz\mk_sha2_384_fuzz.h">
      <Filter>fuzz</Filter>
    </ClInclude>
    <ClInclude Include="..\..\..\fuzz\mk_sha2_512_fuzz.h">
      <Filter>fuzz</Filter>
    </ClInclude>
    <ClInclude Include="..\..\..\src\utils\mk_assert.h">
      <Filter>src\utils</Filter>
    </ClInclude>
    <ClInclude Include="..\..\..\src\utils\mk_inline.h">
      <Filter>src\utils</Filter>
    </ClInclude>
    <ClInclude Include="..\..\..\src\utils\mk_setup.h">
      <Filter>src\utils</Filter>
    </ClInclude>
    <ClInclude Include="..\..\..\src\hash\base\mk_md2_base.h">
      <Filter>src\hash\base</Filter>
    </ClInclude>
    <ClInclude Include="..\..\..\src\hash\base\mk_md4_base.h">
      <Filter>src\hash\base</Filter>
    </ClInclude>
    <ClInclude Include="..\..\..\src\hash\base\mk_md5_base.h">
      <Filter>src\hash\base</Filter>
    </ClInclude>
    <ClInclude Include="..\..\..\src\hash\base\mk_sha1_base.h">
      <Filter>src\hash\base</Filter>
    </ClInclude>
    <ClInclude Include="..\..\..\src\hash\base\mk_sha2_224_base.h">
      <Filter>src\hash\base</Filter>
    </ClInclude>
    <ClInclude Include="..\..\..\src\hash\base\mk_sha2_256_base.h">
      <Filter>src\hash\base</Filter>
    </ClInclude>
    <ClInclude Include="..\..\..\src\hash\base\mk_sha2_base_detail_256.h">
      <Filter>src\hash\base</Filter>
    </ClInclude>
    <ClInclude Include="..\..\..\src\hash\base\mk_sha2_base_detail_512.h">
      <Filter>src\hash\base</Filter>
    </ClInclude>
    <ClInclude Include="..\..\..\src\hash\base\mk_sha2_512_base.h">
      <Filter>src\hash\base</Filter>
    </ClInclude>
    <ClInclude Include="..\..\..\src\hash\base\mk_sha2_384_base.h">
      <Filter>src\hash\base</Filter>
    </ClInclude>
    <ClInclude Include="..\..\..\src\hash\base\mk_sha2_512224_base.h">
      <Filter>src\hash\base</Filter>
    </ClInclude>
    <ClInclude Include="..\..\..\src\hash\base\mk_sha2_512256_base.h">
      <Filter>src\hash\base</Filter>
    </ClInclude>
    <ClInclude Include="..\..\..\src\hash\base\mk_sha3_224_base.h">
      <Filter>src\hash\base</Filter>
    </ClInclude>
    <ClInclude Include="..\..\..\src\hash\base\mk_sha3_256_base.h">
      <Filter>src\hash\base</Filter>
    </ClInclude>
    <ClInclude Include="..\..\..\src\hash\base\mk_sha3_384_base.h">
      <Filter>src\hash\base</Filter>
    </ClInclude>
    <ClInclude Include="..\..\..\src\hash\base\mk_sha3_512_base.h">
      <Filter>src\hash\base</Filter>
    </ClInclude>
    <ClInclude Include="..\..\..\src\hash\base\mk_sha3_rawshake128_base.h">
      <Filter>src\hash\base</Filter>
    </ClInclude>
    <ClInclude Include="..\..\..\src\hash\base\mk_sha3_rawshake256_base.h">
      <Filter>src\hash\base</Filter>
    </ClInclude>
    <ClInclude Include="..\..\..\src\hash\base\mk_sha3_shake128_base.h">
      <Filter>src\hash\base</Filter>
    </ClInclude>
    <ClInclude Include="..\..\..\src\hash\base\mk_sha3_shake256_base.h">
      <Filter>src\hash\base</Filter>
    </ClInclude>
    <ClInclude Include="..\..\..\src\hash\base\mk_sha3_base_detail.h">
      <Filter>src\hash\base</Filter>
    </ClInclude>
    <ClInclude Include="..\..\..\src\utils\mk_jumbo.h">
      <Filter>src\utils</Filter>
    </ClInclude>
    <ClInclude Include="..\..\..\src\hash\block\mk_md2_block.h">
      <Filter>src\hash\block</Filter>
    </ClInclude>
    <ClInclude Include="..\..\..\src\hash\block\mk_md4_block.h">
      <Filter>src\hash\block</Filter>
    </ClInclude>
    <ClInclude Include="..\..\..\src\hash\block\mk_md5_block.h">
      <Filter>src\hash\block</Filter>
    </ClInclude>
    <ClInclude Include="..\..\..\src\hash\block\mk_sha1_block.h">
      <Filter>src\hash\block</Filter>
    </ClInclude>
    <ClInclude Include="..\..\..\src\hash\block\mk_sha2_224_block.h">
      <Filter>src\hash\block</Filter>
    </ClInclude>
    <ClInclude Include="..\..\..\src\hash\block\mk_sha2_256_block.h">
      <Filter>src\hash\block</Filter>
    </ClInclude>
    <ClInclude Include="..\..\..\src\hash\block\mk_sha2_384_block.h">
      <Filter>src\hash\block</Filter>
    </ClInclude>
    <ClInclude Include="..\..\..\src\hash\block\mk_sha2_512_block.h">
      <Filter>src\hash\block</Filter>
    </ClInclude>
    <ClInclude Include="..\..\..\src\hash\block\mk_sha2_512224_block.h">
      <Filter>src\hash\block</Filter>
    </ClInclude>
    <ClInclude Include="..\..\..\src\hash\block\mk_sha2_512256_block.h">
      <Filter>src\hash\block</Filter>
    </ClInclude>
    <ClInclude Include="..\..\..\src\hash\block\mk_sha3_224_block.h">
      <Filter>src\hash\block</Filter>
    </ClInclude>
    <ClInclude Include="..\..\..\src\hash\block\mk_sha3_256_block.h">
      <Filter>src\hash\block</Filter>
    </ClInclude>
    <ClInclude Include="..\..\..\src\hash\block\mk_sha3_384_block.h">
      <Filter>src\hash\block</Filter>
    </ClInclude>
    <ClInclude Include="..\..\..\src\hash\block\mk_sha3_512_block.h">
      <Filter>src\hash\block</Filter>
    </ClInclude>
    <ClInclude Include="..\..\..\src\hash\block\mk_sha3_rawshake128_block.h">
      <Filter>src\hash\block</Filter>
    </ClInclude>
    <ClInclude Include="..\..\..\src\hash\block\mk_sha3_rawshake256_block.h">
      <Filter>src\hash\block</Filter>
    </ClInclude>
    <ClInclude Include="..\..\..\src\hash\block\mk_sha3_shake128_block.h">
      <Filter>src\hash\block</Filter>
    </ClInclude>
    <ClInclude Include="..\..\..\src\hash\block\mk_sha3_shake256_block.h">
      <Filter>src\hash\block</Filter>
    </ClInclude>
    <ClInclude Include="..\..\..\src\mk_hash.h">
      <Filter>src</Filter>
    </ClInclude>
    <ClInclude Include="..\..\..\src\mk_hash_fn.h">
      <Filter>src</Filter>
    </ClInclude>
    <ClInclude Include="..\..\..\src\mk_hash_function.h">
      <Filter>src</Filter>
    </ClInclude>
    <None Include="..\..\..\src\hash\block\mk_block.c.inl">
      <Filter>src\hash\block</Filter>
    </None>
    <None Include="..\..\..\src\hash\block\mk_block.h.inl">
      <Filter>src\hash\block</Filter>
    </None>
    <ClInclude Include="..\..\..\src\hash\mk_hash_md2.h">
      <Filter>src\hash</Filter>
    </ClInclude>
    <ClInclude Include="..\..\..\src\hash\mk_hash_md4.h">
      <Filter>src\hash</Filter>
    </ClInclude>
    <ClInclude Include="..\..\..\src\hash\mk_hash_md5.h">
      <Filter>src\hash</Filter>
    </ClInclude>
    <ClInclude Include="..\..\..\src\hash\mk_hash_sha1.h">
      <Filter>src\hash</Filter>
    </ClInclude>
    <ClInclude Include="..\..\..\src\hash\mk_hash_sha2_224.h">
      <Filter>src\hash</Filter>
    </ClInclude>
    <ClInclude Include="..\..\..\src\hash\mk_hash_sha2_256.h">
      <Filter>src\hash</Filter>
    </ClInclude>
    <ClInclude Include="..\..\..\src\hash\mk_hash_sha2_384.h">
      <Filter>src\hash</Filter>
    </ClInclude>
    <ClInclude Include="..\..\..\src\hash\mk_hash_sha2_512.h">
      <Filter>src\hash</Filter>
    </ClInclude>
    <ClInclude Include="..\..\..\src\hash\mk_hash_sha2_512224.h">
      <Filter>src\hash</Filter>
    </ClInclude>
    <ClInclude Include="..\..\..\src\hash\mk_hash_sha2_512256.h">
      <Filter>src\hash</Filter>
    </ClInclude>
    <ClInclude Include="..\..\..\src\hash\mk_hash_sha3_224.h">
      <Filter>src\hash</Filter>
    </ClInclude>
    <ClInclude Include="..\..\..\src\hash\mk_hash_sha3_256.h">
      <Filter>src\hash</Filter>
    </ClInclude>
    <ClInclude Include="..\..\..\src\hash\mk_hash_sha3_384.h">
      <Filter>src\hash</Filter>
    </ClInclude>
    <ClInclude Include="..\..\..\src\hash\mk_hash_sha3_512.h">
      <Filter>src\hash</Filter>
    </ClInclude>
    <ClInclude Include="..\..\..\src\hash\mk_hash_sha3_rawshake128.h">
      <Filter>src\hash</Filter>
    </ClInclude>
    <ClInclude Include="..\..\..\src\hash\mk_hash_sha3_rawshake256.h">
      <Filter>src\hash</Filter>
    </ClInclude>
    <ClInclude Include="..\..\..\src\hash\mk_hash_sha3_shake128.h">
      <Filter>src\hash</Filter>
    </ClInclude>
    <ClInclude Include="..\..\..\src\hash\mk_hash_sha3_shake256.h">
      <Filter>src\hash</Filter>
    </ClInclude>
    <ClInclude Include="..\..\..\src\hash\mk_hash_win_md2.h">
      <Filter>src\hash</Filter>
    </ClInclude>
    <ClInclude Include="..\..\..\src\hash\mk_hash_win_md4.h">
      <Filter>src\hash</Filter>
    </ClInclude>
    <ClInclude Include="..\..\..\src\hash\mk_hash_win_md5.h">
      <Filter>src\hash</Filter>
    </ClInclude>
    <ClInclude Include="..\..\..\src\hash\mk_hash_win_sha1.h">
      <Filter>src\hash</Filter>
    </ClInclude>
    <ClInclude Include="..\..\..\src\hash\mk_hash_win_sha2_256.h">
      <Filter>src\hash</Filter>
    </ClInclude>
    <ClInclude Include="..\..\..\src\hash\mk_hash_win_sha2_384.h">
      <Filter>src\hash</Filter>
    </ClInclude>
    <ClInclude Include="..\..\..\src\hash\mk_hash_win_sha2_512.h">
      <Filter>src\hash</Filter>
    </ClInclude>
  </ItemGroup>
  <ItemGroup>
    <None Include="..\..\..\src\hash\mk_hash.c.inl">
      <Filter>src\hash</Filter>
    </None>
    <None Include="..\..\..\src\hash\mk_hash.h.inl">
      <Filter>src\hash</Filter>
    </None>
    <None Include="..\..\..\src\hash\mk_hash_xof.c.inl">
      <Filter>src\hash</Filter>
    </None>
    <None Include="..\..\..\src\hash\mk_hash_xof.h.inl">
      <Filter>src\hash</Filter>
    </None>
    <None Include="..\..\..\src\hash\mk_hash_win.c.inl">
      <Filter>src\hash</Filter>
    </None>
    <None Include="..\..\..\src\hash\mk_hash_win.h.inl">
      <Filter>src\hash</Filter>
    </None>
  </ItemGroup>
</Project>