
Microsoft Visual Studio Solution File, Format Version 12.00
# Visual Studio Version 17
VisualStudioVersion = 17.1.32228.430
MinimumVisualStudioVersion = 10.0.40219.1
Project("{8BC9CEB8-8B4A-11D0-8D11-00A0C91BC942}") = "mk_crypto", "mk_crypto\mk_crypto.vcxproj", "{B78D2B53-8BB9-4954-BBDD-F60D600F2FAA}"
EndProject
Project("{8BC9CEB8-8B4A-11D0-8D11-00A0C91BC942}") = "mk_hash_file", "mk_hash_file\mk_hash_file.vcxproj", "{B4352DA2-52ED-43A3-9289-B019F37A2BC2}"
EndProject
Project("{8BC9CEB8-8B4A-11D0-8D11-00A0C91BC942}") = "mk_win_hash_file", "mk_win_hash_file\mk_win_hash_file.vcxproj", "{795EE925-EC39-41B5-AF3D-70B5EFF061C5}"
EndProject
Project("{8BC9CEB8-8B4A-11D0-8D11-00A0C91BC942}") = "tests", "tests\tests.vcxproj", "{39ED2EE1-0E04-4697-91AF-14F567471167}"
EndProject
Project("{8BC9CEB8-8B4A-11D0-8D11-00A0C91BC942}") = "mk_hash_file_c", "mk_hash_file_c\mk_hash_file_c.vcxproj", "{E79F565C-A0FB-45A7-8DF4-D9122F62AF30}"
EndProject
Project("{8BC9CEB8-8B4A-11D0-8D11-00A0C91BC942}") = "mkcryptc", "mkcryptc\mkcryptc.vcxproj", "{33569300-08BE-44E1-9BE9-3B3C01A60D5A}"
EndProject
Global
	GlobalSection(SolutionConfigurationPlatforms) = preSolution
		Debug|x64 = Debug|x64
		Debug|x86 = Debug|x86
		Release|x64 = Release|x64
		Release|x86 = Release|x86
	EndGlobalSection
	GlobalSection(ProjectConfigurationPlatforms) = postSolution
		{B78D2B53-8BB9-4954-BBDD-F60D600F2FAA}.Debug|x64.ActiveCfg = Debug|x64
		{B78D2B53-8BB9-4954-BBDD-F60D600F2FAA}.Debug|x64.Build.0 = Debug|x64
		{B78D2B53-8BB9-4954-BBDD-F60D600F2FAA}.Debug|x86.ActiveCfg = Debug|Win32
		{B78D2B53-8BB9-4954-BBDD-F60D600F2FAA}.Debug|x86.Build.0 = Debug|Win32
		{B78D2B53-8BB9-4954-BBDD-F60D600F2FAA}.Release|x64.ActiveCfg = Release|x64
		{B78D2B53-8BB9-4954-BBDD-F60D600F2FAA}.Release|x64.Build.0 = Release|x64
		{B78D2B53-8BB9-4954-BBDD-F60D600F2FAA}.Release|x86.ActiveCfg = Release|Win32
		{B78D2B53-8BB9-4954-BBDD-F60D600F2FAA}.Release|x86.Build.0 = Release|Win32
		{B4352DA2-52ED-43A3-9289-B019F37A2BC2}.Debug|x64.ActiveCfg = Debug|x64
		{B4352DA2-52ED-43A3-9289-B019F37A2BC2}.Debug|x64.Build.0 = Debug|x64
		{B4352DA2-52ED-43A3-9289-B019F37A2BC2}.Debug|x86.ActiveCfg = Debug|Win32
		{B4352DA2-52ED-43A3-9289-B019F37A2BC2}.Debug|x86.Build.0 = Debug|Win32
		{B4352DA2-52ED-43A3-9289-B019F37A2BC2}.Release|x64.ActiveCfg = Release|x64
		{B4352DA2-52ED-43A3-9289-B019F37A2BC2}.Release|x64.Build.0 = Release|x64
		{B4352DA2-52ED-43A3-9289-B019F37A2BC2}.Release|x86.ActiveCfg = Release|Win32
		{B4352DA2-52ED-43A3-9289-B019F37A2BC2}.Release|x86.Build.0 = Release|Win32
		{795EE925-EC39-41B5-AF3D-70B5EFF061C5}.Debug|x64.ActiveCfg = Debug|x64
		{795EE925-EC39-41B5-AF3D-70B5EFF061C5}.Debug|x64.Build.0 = Debug|x64
		{795EE925-EC39-41B5-AF3D-70B5EFF061C5}.Debug|x86.ActiveCfg = Debug|Win32
		{795EE925-EC39-41B5-AF3D-70B5EFF061C5}.Debug|x86.Build.0 = Debug|Win32
		{795EE925-EC39-41B5-AF3D-70B5EFF061C5}.Release|x64.ActiveCfg = Release|x64
		{795EE925-EC39-41B5-AF3D-70B5EFF061C5}.Release|x64.Build.0 = Release|x64
		{795EE925-EC39-41B5-AF3D-70B5EFF061C5}.Release|x86.ActiveCfg = Release|Win32
		{795EE925-EC39-41B5-AF3D-70B5EFF061C5}.Release|x86.Build.0 = Release|Win32
		{39ED2EE1-0E04-4697-91AF-14F567471167}.Debug|x64.ActiveCfg = Debug|x64
		{39ED2EE1-0E04-4697-91AF-14F567471167}.Debug|x64.Build.0 = Debug|x64
		{39ED2EE1-0E04-4697-91AF-14F567471167}.Debug|x86.ActiveCfg = Debug|Win32
		{39ED2EE1-0E04-4697-91AF-14F567471167}.Debug|x86.Build.0 = Debug|Win32
		{39ED2EE1-0E04-4697-91AF-14F567471167}.Release|x64.ActiveCfg = Release|x64
		{39ED2EE1-0E04-4697-91AF-14F567471167}.Release|x64.Build.0 = Release|x64
		{39ED2EE1-0E04-4697-91AF-14F567471167}.Release|x86.ActiveCfg = Release|Win32
		{39ED2EE1-0E04-4697-91AF-14F567471167}.Release|x86.Build.0 = Release|Win32
		{E79F565C-A0FB-45A7-8DF4-D9122F62AF30}.Debug|x64.ActiveCfg = Debug|x64
		{E79F565C-A0FB-45A7-8DF4-D9122F62AF30}.Debug|x64.Build.0 = Debug|x64
		{E79F565C-A0FB-45A7-8DF4-D9122F62AF30}.Debug|x86.ActiveCfg = Debug|Win32
		{E79F565C-A0FB-45A7-8DF4-D9122F62AF30}.Debug|x86.Build.0 = Debug|Win32
		{E79F565C-A0FB-45A7-8DF4-D9122F62AF30}.Release|x64.ActiveCfg = Release|x64
		{E79F565C-A0FB-45A7-8DF4-D9122F62AF30}.Release|x64.Build.0 = Release|x64
		{E79F565C-A0FB-45A7-8DF4-D9122F62AF30}.Release|x86.ActiveCfg = Release|Win32
		{E79F565C-A0FB-45A7-8DF4-D9122F62AF30}.Release|x86.Build.0 = Release|Win32
		{33569300-08BE-44E1-9BE9-3B3C01A60D5A}.Debug|x64.ActiveCfg = Debug|x64
		{33569300-08BE-44E1-9BE9-3B3C01A60D5A}.Debug|x64.Build.0 = Debug|x64
		{33569300-08BE-44E1-9BE9-3B3C01A60D5A}.Debug|x86.ActiveCfg = Debug|Win32
		{33569300-08BE-44E1-9BE9-3B3C01A60D5A}.Debug|x86.Build.0 = Debug|Win32
		{33569300-08BE-44E1-9BE9-3B3C01A60D5A}.Release|x64.ActiveCfg = Release|x64
		{33569300-08BE-44E1-9BE9-3B3C01A60D5A}.Release|x64.Build.0 = Release|x64
		{33569300-08BE-44E1-9BE9-3B3C01A60D5A}.Release|x86.ActiveCfg = Release|Win32
		{33569300-08BE-44E1-9BE9-3B3C01A60D5A}.Release|x86.Build.0 = Release|Win32
	EndGlobalSection
	GlobalSection(SolutionProperties) = preSolution
		HideSolutionNode = FALSE
	EndGlobalSection
	GlobalSection(ExtensibilityGlobals) = postSolution
		SolutionGuid = {547044BA-A10F-4717-89F8-50BBC007B346}
	EndGlobalSection
EndGlobal
